// !$*UTF8*$!
{
	archiveVersion = 1;
	classes = {
	};
	objectVersion = 51;
	objects = {

/* Begin PBXBuildFile section */
		C9BB23EC219CE3C800CCE007 /* main.swift in Sources */ = {isa = PBXBuildFile; fileRef = C9BB23EB219CE3C800CCE007 /* main.swift */; };
		C9BB23F421A628B200CCE007 /* configuration_item.swift in Sources */ = {isa = PBXBuildFile; fileRef = C9BB23F321A628B200CCE007 /* configuration_item.swift */; };
		C9BB23F621A73E4E00CCE007 /* configuration.swift in Sources */ = {isa = PBXBuildFile; fileRef = C9BB23F521A73E4E00CCE007 /* configuration.swift */; };
		C9BB23F821A73E9400CCE007 /* export_configuration_item.swift in Sources */ = {isa = PBXBuildFile; fileRef = C9BB23F721A73E9400CCE007 /* export_configuration_item.swift */; };
		C9BB23FA21A73E9C00CCE007 /* acl_configuration_item.swift in Sources */ = {isa = PBXBuildFile; fileRef = C9BB23F921A73E9C00CCE007 /* acl_configuration_item.swift */; };
		C9BB23FC21A76F5000CCE007 /* extensions.swift in Sources */ = {isa = PBXBuildFile; fileRef = C9BB23FB21A76F5000CCE007 /* extensions.swift */; };
		C9BB23FE21A77DA200CCE007 /* syncronizer.swift in Sources */ = {isa = PBXBuildFile; fileRef = C9BB23FD21A77DA200CCE007 /* syncronizer.swift */; };
		C9BB240621ABE6A000CCE007 /* test_suite.swift in Sources */ = {isa = PBXBuildFile; fileRef = C9BB240521ABE6A000CCE007 /* test_suite.swift */; };
		C9BB240E21AE707200CCE007 /* test_configuration.plist in Resources */ = {isa = PBXBuildFile; fileRef = C9BB240D21AE707200CCE007 /* test_configuration.plist */; };
		C9BB241421AF2BD800CCE007 /* syncronizer.swift in Sources */ = {isa = PBXBuildFile; fileRef = C9BB23FD21A77DA200CCE007 /* syncronizer.swift */; };
		C9BB241521AF2BDB00CCE007 /* extensions.swift in Sources */ = {isa = PBXBuildFile; fileRef = C9BB23FB21A76F5000CCE007 /* extensions.swift */; };
		C9BB241621AF2BDE00CCE007 /* acl_configuration_item.swift in Sources */ = {isa = PBXBuildFile; fileRef = C9BB23F921A73E9C00CCE007 /* acl_configuration_item.swift */; };
		C9BB241721AF2BE200CCE007 /* configuration.swift in Sources */ = {isa = PBXBuildFile; fileRef = C9BB23F521A73E4E00CCE007 /* configuration.swift */; };
		C9BB241821AF2BE500CCE007 /* export_configuration_item.swift in Sources */ = {isa = PBXBuildFile; fileRef = C9BB23F721A73E9400CCE007 /* export_configuration_item.swift */; };
		C9BB241921AF2BE900CCE007 /* configuration_item.swift in Sources */ = {isa = PBXBuildFile; fileRef = C9BB23F321A628B200CCE007 /* configuration_item.swift */; };
		C9BB241A21AF2BEE00CCE007 /* main.swift in Sources */ = {isa = PBXBuildFile; fileRef = C9BB23EB219CE3C800CCE007 /* main.swift */; };
/* End PBXBuildFile section */

/* Begin PBXCopyFilesBuildPhase section */
		C9BB23E6219CE3C800CCE007 /* CopyFiles */ = {
			isa = PBXCopyFilesBuildPhase;
			buildActionMask = 2147483647;
			dstPath = /usr/share/man/man1/;
			dstSubfolderSpec = 0;
			files = (
			);
			runOnlyForDeploymentPostprocessing = 1;
		};
/* End PBXCopyFilesBuildPhase section */

/* Begin PBXFileReference section */
		C9BB23E8219CE3C800CCE007 /* certificate-sync */ = {isa = PBXFileReference; explicitFileType = "compiled.mach-o.executable"; includeInIndex = 0; path = "certificate-sync"; sourceTree = BUILT_PRODUCTS_DIR; };
		C9BB23EB219CE3C800CCE007 /* main.swift */ = {isa = PBXFileReference; lastKnownFileType = sourcecode.swift; path = main.swift; sourceTree = "<group>"; };
		C9BB23F221A6270200CCE007 /* configuration.plist */ = {isa = PBXFileReference; lastKnownFileType = text.plist.xml; path = configuration.plist; sourceTree = "<group>"; };
		C9BB23F321A628B200CCE007 /* configuration_item.swift */ = {isa = PBXFileReference; lastKnownFileType = sourcecode.swift; path = configuration_item.swift; sourceTree = "<group>"; };
		C9BB23F521A73E4E00CCE007 /* configuration.swift */ = {isa = PBXFileReference; lastKnownFileType = sourcecode.swift; path = configuration.swift; sourceTree = "<group>"; };
		C9BB23F721A73E9400CCE007 /* export_configuration_item.swift */ = {isa = PBXFileReference; lastKnownFileType = sourcecode.swift; path = export_configuration_item.swift; sourceTree = "<group>"; };
		C9BB23F921A73E9C00CCE007 /* acl_configuration_item.swift */ = {isa = PBXFileReference; lastKnownFileType = sourcecode.swift; path = acl_configuration_item.swift; sourceTree = "<group>"; };
		C9BB23FB21A76F5000CCE007 /* extensions.swift */ = {isa = PBXFileReference; lastKnownFileType = sourcecode.swift; path = extensions.swift; sourceTree = "<group>"; };
		C9BB23FD21A77DA200CCE007 /* syncronizer.swift */ = {isa = PBXFileReference; lastKnownFileType = sourcecode.swift; path = syncronizer.swift; sourceTree = "<group>"; };
		C9BB240321ABE6A000CCE007 /* test-suite.xctest */ = {isa = PBXFileReference; explicitFileType = wrapper.cfbundle; includeInIndex = 0; path = "test-suite.xctest"; sourceTree = BUILT_PRODUCTS_DIR; };
		C9BB240521ABE6A000CCE007 /* test_suite.swift */ = {isa = PBXFileReference; lastKnownFileType = sourcecode.swift; path = test_suite.swift; sourceTree = "<group>"; };
		C9BB240721ABE6A000CCE007 /* Info.plist */ = {isa = PBXFileReference; lastKnownFileType = text.plist.xml; path = Info.plist; sourceTree = "<group>"; };
		C9BB240D21AE707200CCE007 /* test_configuration.plist */ = {isa = PBXFileReference; lastKnownFileType = text.plist.xml; path = test_configuration.plist; sourceTree = "<group>"; };
/* End PBXFileReference section */

/* Begin PBXFrameworksBuildPhase section */
		C9BB23E5219CE3C800CCE007 /* Frameworks */ = {
			isa = PBXFrameworksBuildPhase;
			buildActionMask = 2147483647;
			files = (
			);
			runOnlyForDeploymentPostprocessing = 0;
		};
		C9BB240021ABE6A000CCE007 /* Frameworks */ = {
			isa = PBXFrameworksBuildPhase;
			buildActionMask = 2147483647;
			files = (
			);
			runOnlyForDeploymentPostprocessing = 0;
		};
/* End PBXFrameworksBuildPhase section */

/* Begin PBXGroup section */
		C9BB23DF219CE3C800CCE007 = {
			isa = PBXGroup;
			children = (
				C9BB23EA219CE3C800CCE007 /* certificate-sync */,
				C9BB240421ABE6A000CCE007 /* test-suite */,
				C9BB23E9219CE3C800CCE007 /* Products */,
			);
			sourceTree = "<group>";
		};
		C9BB23E9219CE3C800CCE007 /* Products */ = {
			isa = PBXGroup;
			children = (
				C9BB23E8219CE3C800CCE007 /* certificate-sync */,
				C9BB240321ABE6A000CCE007 /* test-suite.xctest */,
			);
			name = Products;
			sourceTree = "<group>";
		};
		C9BB23EA219CE3C800CCE007 /* certificate-sync */ = {
			isa = PBXGroup;
			children = (
				C9BB23EB219CE3C800CCE007 /* main.swift */,
				C9BB23F221A6270200CCE007 /* configuration.plist */,
				C9BB23F321A628B200CCE007 /* configuration_item.swift */,
				C9BB23F521A73E4E00CCE007 /* configuration.swift */,
				C9BB23F721A73E9400CCE007 /* export_configuration_item.swift */,
				C9BB23F921A73E9C00CCE007 /* acl_configuration_item.swift */,
				C9BB23FB21A76F5000CCE007 /* extensions.swift */,
				C9BB23FD21A77DA200CCE007 /* syncronizer.swift */,
			);
			path = "certificate-sync";
			sourceTree = "<group>";
		};
		C9BB240421ABE6A000CCE007 /* test-suite */ = {
			isa = PBXGroup;
			children = (
				C9BB240521ABE6A000CCE007 /* test_suite.swift */,
				C9BB240721ABE6A000CCE007 /* Info.plist */,
				C9BB240D21AE707200CCE007 /* test_configuration.plist */,
			);
			path = "test-suite";
			sourceTree = "<group>";
		};
/* End PBXGroup section */

/* Begin PBXNativeTarget section */
		C9BB23E7219CE3C800CCE007 /* certificate-sync */ = {
			isa = PBXNativeTarget;
			buildConfigurationList = C9BB23EF219CE3C800CCE007 /* Build configuration list for PBXNativeTarget "certificate-sync" */;
			buildPhases = (
				C9BB23E4219CE3C800CCE007 /* Sources */,
				C9BB23E5219CE3C800CCE007 /* Frameworks */,
				C9BB23E6219CE3C800CCE007 /* CopyFiles */,
			);
			buildRules = (
			);
			dependencies = (
			);
			name = "certificate-sync";
			productName = "certificate-sync";
			productReference = C9BB23E8219CE3C800CCE007 /* certificate-sync */;
			productType = "com.apple.product-type.tool";
		};
		C9BB240221ABE6A000CCE007 /* test-suite */ = {
			isa = PBXNativeTarget;
			buildConfigurationList = C9BB240A21ABE6A000CCE007 /* Build configuration list for PBXNativeTarget "test-suite" */;
			buildPhases = (
				C9BB23FF21ABE6A000CCE007 /* Sources */,
				C9BB240021ABE6A000CCE007 /* Frameworks */,
				C9BB240121ABE6A000CCE007 /* Resources */,
			);
			buildRules = (
			);
			dependencies = (
			);
			name = "test-suite";
			productName = "test-suite";
			productReference = C9BB240321ABE6A000CCE007 /* test-suite.xctest */;
			productType = "com.apple.product-type.bundle.unit-test";
		};
/* End PBXNativeTarget section */

/* Begin PBXProject section */
		C9BB23E0219CE3C800CCE007 /* Project object */ = {
			isa = PBXProject;
			attributes = {
				LastSwiftUpdateCheck = 1010;
				LastUpgradeCheck = 1010;
				ORGANIZATIONNAME = Dropbox;
				TargetAttributes = {
					C9BB23E7219CE3C800CCE007 = {
						CreatedOnToolsVersion = 10.1;
					};
					C9BB240221ABE6A000CCE007 = {
						CreatedOnToolsVersion = 10.1;
					};
				};
			};
			buildConfigurationList = C9BB23E3219CE3C800CCE007 /* Build configuration list for PBXProject "certificate-sync" */;
			compatibilityVersion = "Xcode 10.0";
			developmentRegion = en;
			hasScannedForEncodings = 0;
			knownRegions = (
				en,
			);
			mainGroup = C9BB23DF219CE3C800CCE007;
			productRefGroup = C9BB23E9219CE3C800CCE007 /* Products */;
			projectDirPath = "";
			projectRoot = "";
			targets = (
				C9BB23E7219CE3C800CCE007 /* certificate-sync */,
				C9BB240221ABE6A000CCE007 /* test-suite */,
			);
		};
/* End PBXProject section */

/* Begin PBXResourcesBuildPhase section */
		C9BB240121ABE6A000CCE007 /* Resources */ = {
			isa = PBXResourcesBuildPhase;
			buildActionMask = 2147483647;
			files = (
				C9BB240E21AE707200CCE007 /* test_configuration.plist in Resources */,
			);
			runOnlyForDeploymentPostprocessing = 0;
		};
/* End PBXResourcesBuildPhase section */

/* Begin PBXSourcesBuildPhase section */
		C9BB23E4219CE3C800CCE007 /* Sources */ = {
			isa = PBXSourcesBuildPhase;
			buildActionMask = 2147483647;
			files = (
				C9BB23FE21A77DA200CCE007 /* syncronizer.swift in Sources */,
				C9BB23FC21A76F5000CCE007 /* extensions.swift in Sources */,
				C9BB23FA21A73E9C00CCE007 /* acl_configuration_item.swift in Sources */,
				C9BB23EC219CE3C800CCE007 /* main.swift in Sources */,
				C9BB23F821A73E9400CCE007 /* export_configuration_item.swift in Sources */,
				C9BB23F621A73E4E00CCE007 /* configuration.swift in Sources */,
				C9BB23F421A628B200CCE007 /* configuration_item.swift in Sources */,
			);
			runOnlyForDeploymentPostprocessing = 0;
		};
		C9BB23FF21ABE6A000CCE007 /* Sources */ = {
			isa = PBXSourcesBuildPhase;
			buildActionMask = 2147483647;
			files = (
				C9BB241621AF2BDE00CCE007 /* acl_configuration_item.swift in Sources */,
				C9BB241721AF2BE200CCE007 /* configuration.swift in Sources */,
				C9BB241A21AF2BEE00CCE007 /* main.swift in Sources */,
				C9BB241421AF2BD800CCE007 /* syncronizer.swift in Sources */,
				C9BB240621ABE6A000CCE007 /* test_suite.swift in Sources */,
				C9BB241521AF2BDB00CCE007 /* extensions.swift in Sources */,
				C9BB241921AF2BE900CCE007 /* configuration_item.swift in Sources */,
				C9BB241821AF2BE500CCE007 /* export_configuration_item.swift in Sources */,
			);
			runOnlyForDeploymentPostprocessing = 0;
		};
/* End PBXSourcesBuildPhase section */

/* Begin XCBuildConfiguration section */
		C9BB23ED219CE3C800CCE007 /* Debug */ = {
			isa = XCBuildConfiguration;
			buildSettings = {
				ALWAYS_SEARCH_USER_PATHS = NO;
				CLANG_ANALYZER_NONNULL = YES;
				CLANG_ANALYZER_NUMBER_OBJECT_CONVERSION = YES_AGGRESSIVE;
				CLANG_CXX_LANGUAGE_STANDARD = "gnu++14";
				CLANG_CXX_LIBRARY = "libc++";
				CLANG_ENABLE_MODULES = YES;
				CLANG_ENABLE_OBJC_ARC = YES;
				CLANG_ENABLE_OBJC_WEAK = YES;
				CLANG_WARN_BLOCK_CAPTURE_AUTORELEASING = YES;
				CLANG_WARN_BOOL_CONVERSION = YES;
				CLANG_WARN_COMMA = YES;
				CLANG_WARN_CONSTANT_CONVERSION = YES;
				CLANG_WARN_DEPRECATED_OBJC_IMPLEMENTATIONS = YES;
				CLANG_WARN_DIRECT_OBJC_ISA_USAGE = YES_ERROR;
				CLANG_WARN_DOCUMENTATION_COMMENTS = YES;
				CLANG_WARN_EMPTY_BODY = YES;
				CLANG_WARN_ENUM_CONVERSION = YES;
				CLANG_WARN_INFINITE_RECURSION = YES;
				CLANG_WARN_INT_CONVERSION = YES;
				CLANG_WARN_NON_LITERAL_NULL_CONVERSION = YES;
				CLANG_WARN_OBJC_IMPLICIT_RETAIN_SELF = YES;
				CLANG_WARN_OBJC_LITERAL_CONVERSION = YES;
				CLANG_WARN_OBJC_ROOT_CLASS = YES_ERROR;
				CLANG_WARN_RANGE_LOOP_ANALYSIS = YES;
				CLANG_WARN_STRICT_PROTOTYPES = YES;
				CLANG_WARN_SUSPICIOUS_MOVE = YES;
				CLANG_WARN_UNGUARDED_AVAILABILITY = YES_AGGRESSIVE;
				CLANG_WARN_UNREACHABLE_CODE = YES;
				CLANG_WARN__DUPLICATE_METHOD_MATCH = YES;
				CODE_SIGN_IDENTITY = "Mac Developer";
				COPY_PHASE_STRIP = NO;
				DEBUG_INFORMATION_FORMAT = dwarf;
				ENABLE_STRICT_OBJC_MSGSEND = YES;
				ENABLE_TESTABILITY = YES;
				GCC_C_LANGUAGE_STANDARD = gnu11;
				GCC_DYNAMIC_NO_PIC = NO;
				GCC_NO_COMMON_BLOCKS = YES;
				GCC_OPTIMIZATION_LEVEL = 0;
				GCC_PREPROCESSOR_DEFINITIONS = (
					"DEBUG=1",
					"$(inherited)",
				);
				GCC_WARN_64_TO_32_BIT_CONVERSION = YES;
				GCC_WARN_ABOUT_RETURN_TYPE = YES_ERROR;
				GCC_WARN_UNDECLARED_SELECTOR = YES;
				GCC_WARN_UNINITIALIZED_AUTOS = YES_AGGRESSIVE;
				GCC_WARN_UNUSED_FUNCTION = YES;
				GCC_WARN_UNUSED_VARIABLE = YES;
				MACOSX_DEPLOYMENT_TARGET = 10.14;
				MTL_ENABLE_DEBUG_INFO = INCLUDE_SOURCE;
				MTL_FAST_MATH = YES;
				ONLY_ACTIVE_ARCH = YES;
				SDKROOT = macosx;
				SWIFT_ACTIVE_COMPILATION_CONDITIONS = DEBUG;
				SWIFT_OPTIMIZATION_LEVEL = "-Onone";
			};
			name = Debug;
		};
		C9BB23EE219CE3C800CCE007 /* Release */ = {
			isa = XCBuildConfiguration;
			buildSettings = {
				ALWAYS_SEARCH_USER_PATHS = NO;
				CLANG_ANALYZER_NONNULL = YES;
				CLANG_ANALYZER_NUMBER_OBJECT_CONVERSION = YES_AGGRESSIVE;
				CLANG_CXX_LANGUAGE_STANDARD = "gnu++14";
				CLANG_CXX_LIBRARY = "libc++";
				CLANG_ENABLE_MODULES = YES;
				CLANG_ENABLE_OBJC_ARC = YES;
				CLANG_ENABLE_OBJC_WEAK = YES;
				CLANG_WARN_BLOCK_CAPTURE_AUTORELEASING = YES;
				CLANG_WARN_BOOL_CONVERSION = YES;
				CLANG_WARN_COMMA = YES;
				CLANG_WARN_CONSTANT_CONVERSION = YES;
				CLANG_WARN_DEPRECATED_OBJC_IMPLEMENTATIONS = YES;
				CLANG_WARN_DIRECT_OBJC_ISA_USAGE = YES_ERROR;
				CLANG_WARN_DOCUMENTATION_COMMENTS = YES;
				CLANG_WARN_EMPTY_BODY = YES;
				CLANG_WARN_ENUM_CONVERSION = YES;
				CLANG_WARN_INFINITE_RECURSION = YES;
				CLANG_WARN_INT_CONVERSION = YES;
				CLANG_WARN_NON_LITERAL_NULL_CONVERSION = YES;
				CLANG_WARN_OBJC_IMPLICIT_RETAIN_SELF = YES;
				CLANG_WARN_OBJC_LITERAL_CONVERSION = YES;
				CLANG_WARN_OBJC_ROOT_CLASS = YES_ERROR;
				CLANG_WARN_RANGE_LOOP_ANALYSIS = YES;
				CLANG_WARN_STRICT_PROTOTYPES = YES;
				CLANG_WARN_SUSPICIOUS_MOVE = YES;
				CLANG_WARN_UNGUARDED_AVAILABILITY = YES_AGGRESSIVE;
				CLANG_WARN_UNREACHABLE_CODE = YES;
				CLANG_WARN__DUPLICATE_METHOD_MATCH = YES;
				CODE_SIGN_IDENTITY = "Mac Developer";
				COPY_PHASE_STRIP = NO;
				DEBUG_INFORMATION_FORMAT = "dwarf-with-dsym";
				ENABLE_NS_ASSERTIONS = NO;
				ENABLE_STRICT_OBJC_MSGSEND = YES;
				GCC_C_LANGUAGE_STANDARD = gnu11;
				GCC_NO_COMMON_BLOCKS = YES;
				GCC_WARN_64_TO_32_BIT_CONVERSION = YES;
				GCC_WARN_ABOUT_RETURN_TYPE = YES_ERROR;
				GCC_WARN_UNDECLARED_SELECTOR = YES;
				GCC_WARN_UNINITIALIZED_AUTOS = YES_AGGRESSIVE;
				GCC_WARN_UNUSED_FUNCTION = YES;
				GCC_WARN_UNUSED_VARIABLE = YES;
				MACOSX_DEPLOYMENT_TARGET = 10.14;
				MTL_ENABLE_DEBUG_INFO = NO;
				MTL_FAST_MATH = YES;
				SDKROOT = macosx;
				SWIFT_COMPILATION_MODE = wholemodule;
				SWIFT_OPTIMIZATION_LEVEL = "-O";
			};
			name = Release;
		};
		C9BB23F0219CE3C800CCE007 /* Debug */ = {
			isa = XCBuildConfiguration;
			buildSettings = {
				CODE_SIGN_STYLE = Automatic;
				DEVELOPMENT_TEAM = DWVXMLB45Y;
				PRODUCT_NAME = "$(TARGET_NAME)";
				SWIFT_VERSION = 4.2;
			};
			name = Debug;
		};
		C9BB23F1219CE3C800CCE007 /* Release */ = {
			isa = XCBuildConfiguration;
			buildSettings = {
				CODE_SIGN_STYLE = Automatic;
				DEVELOPMENT_TEAM = DWVXMLB45Y;
				PRODUCT_NAME = "$(TARGET_NAME)";
				SWIFT_VERSION = 4.2;
			};
			name = Release;
		};
		C9BB240821ABE6A000CCE007 /* Debug */ = {
			isa = XCBuildConfiguration;
			buildSettings = {
				CODE_SIGN_STYLE = Automatic;
				COMBINE_HIDPI_IMAGES = YES;
				DEVELOPMENT_TEAM = DWVXMLB45Y;
				INFOPLIST_FILE = "test-suite/Info.plist";
				LD_RUNPATH_SEARCH_PATHS = (
					"$(inherited)",
					"@executable_path/../Frameworks",
					"@loader_path/../Frameworks",
				);
				PRODUCT_BUNDLE_IDENTIFIER = "com.dropbox.corp.test-suite";
				PRODUCT_NAME = "$(TARGET_NAME)";
				SWIFT_VERSION = 4.2;
			};
			name = Debug;
		};
		C9BB240921ABE6A000CCE007 /* Release */ = {
			isa = XCBuildConfiguration;
			buildSettings = {
				CODE_SIGN_STYLE = Automatic;
				COMBINE_HIDPI_IMAGES = YES;
				DEVELOPMENT_TEAM = DWVXMLB45Y;
				INFOPLIST_FILE = "test-suite/Info.plist";
				LD_RUNPATH_SEARCH_PATHS = (
					"$(inherited)",
					"@executable_path/../Frameworks",
					"@loader_path/../Frameworks",
				);
				PRODUCT_BUNDLE_IDENTIFIER = "com.dropbox.corp.test-suite";
				PRODUCT_NAME = "$(TARGET_NAME)";
				SWIFT_VERSION = 4.2;
			};
			name = Release;
		};
/* End XCBuildConfiguration section */

/* Begin XCConfigurationList section */
		C9BB23E3219CE3C800CCE007 /* Build configuration list for PBXProject "certificate-sync" */ = {
			isa = XCConfigurationList;
			buildConfigurations = (
				C9BB23ED219CE3C800CCE007 /* Debug */,
				C9BB23EE219CE3C800CCE007 /* Release */,
			);
			defaultConfigurationIsVisible = 0;
			defaultConfigurationName = Release;
		};
		C9BB23EF219CE3C800CCE007 /* Build configuration list for PBXNativeTarget "certificate-sync" */ = {
			isa = XCConfigurationList;
			buildConfigurations = (
				C9BB23F0219CE3C800CCE007 /* Debug */,
				C9BB23F1219CE3C800CCE007 /* Release */,
			);
			defaultConfigurationIsVisible = 0;
			defaultConfigurationName = Release;
		};
		C9BB240A21ABE6A000CCE007 /* Build configuration list for PBXNativeTarget "test-suite" */ = {
			isa = XCConfigurationList;
			buildConfigurations = (
				C9BB240821ABE6A000CCE007 /* Debug */,
				C9BB240921ABE6A000CCE007 /* Release */,
			);
			defaultConfigurationIsVisible = 0;
			defaultConfigurationName = Release;
		};
/* End XCConfigurationList section */
	};
	rootObject = C9BB23E0219CE3C800CCE007 /* Project object */;
}
